{
  "name": "kendoFun",
  "lockfileVersion": 2,
  "requires": true,
  "packages": {
    "": {
      "dependencies": {
        "@progress/kendo-ui": "^2022.1.119"
      }
    },
    "node_modules/@progress/kendo-ui": {
      "version": "2022.1.119",
      "resolved": "https://registry.npmjs.org/@progress/kendo-ui/-/kendo-ui-2022.1.119.tgz",
      "integrity": "sha512-NpNZCBoYi+0m9788DYaSuwZ1nre7x0Vn5/miBPIOtdvN2iKaJ8YftFsGY9IETxCpewPko6ejNr9mAU3S+EmmIg==",
      "dependencies": {
        "jquery": "1.10.0 - 3.6.0"
      }
    },
    "node_modules/jquery": {
      "version": "3.6.0",
      "resolved": "https://registry.npmjs.org/jquery/-/jquery-3.6.0.tgz",
      "integrity": "sha512-JVzAR/AjBvVt2BmYhxRCSYysDsPcssdmTFnzyLEts9qNwmjmu4JTAMYubEfwVOSwpQ1I1sKKFcxhZCI2buerfw=="
    }
  },
  "dependencies": {
    "@progress/kendo-ui": {
      "version": "2022.1.119",
      "resolved": "https://registry.npmjs.org/@progress/kendo-ui/-/kendo-ui-2022.1.119.tgz",
      "integrity": "sha512-NpNZCBoYi+0m9788DYaSuwZ1nre7x0Vn5/miBPIOtdvN2iKaJ8YftFsGY9IETxCpewPko6ejNr9mAU3S+EmmIg==",
      "requires": {
        "jquery": "1.10.0 - 3.6.0"
      }
    },
    "jquery": {
      "version": "3.6.0",
      "resolved": "https://registry.npmjs.org/jquery/-/jquery-3.6.0.tgz",
      "integrity": "sha512-JVzAR/AjBvVt2BmYhxRCSYysDsPcssdmTFnzyLEts9qNwmjmu4JTAMYubEfwVOSwpQ1I1sKKFcxhZCI2buerfw=="
    }
  }
}
